
Microsoft Visual Studio Solution File, Format Version 12.00
# Visual Studio Version 16
VisualStudioVersion = 16.0.29306.81
MinimumVisualStudioVersion = 10.0.40219.1
Project("{FAE04EC0-301F-11D3-BF4B-00C04F79EFBC}") = "n01383041-assignment1b", "n01383041-assignment1b\n01383041-assignment1b.csproj", "{CADFE1E2-184B-4A01-A5D8-F71711466726}"
EndProject
Global
	GlobalSection(SolutionConfigurationPlatforms) = preSolution
		Debug|Any CPU = Debug|Any CPU
		Release|Any CPU = Release|Any CPU
	EndGlobalSection
	GlobalSection(ProjectConfigurationPlatforms) = postSolution
		{CADFE1E2-184B-4A01-A5D8-F71711466726}.Debug|Any CPU.ActiveCfg = Debug|Any CPU
		{CADFE1E2-184B-4A01-A5D8-F71711466726}.Debug|Any CPU.Build.0 = Debug|Any CPU
		{CADFE1E2-184B-4A01-A5D8-F71711466726}.Release|Any CPU.ActiveCfg = Release|Any CPU
		{CADFE1E2-184B-4A01-A5D8-F71711466726}.Release|Any CPU.Build.0 = Release|Any CPU
	EndGlobalSection
	GlobalSection(SolutionProperties) = preSolution
		HideSolutionNode = FALSE
	EndGlobalSection
	GlobalSection(ExtensibilityGlobals) = postSolution
		SolutionGuid = {37402C0F-1F92-4272-A997-085241A3FFD9}
	EndGlobalSection
EndGlobal
